
Microsoft Visual Studio Solution File, Format Version 12.00
# Visual Studio 14
VisualStudioVersion = 14.0.23107.0
MinimumVisualStudioVersion = 10.0.40219.1
Project("{2150E333-8FDC-42A3-9474-1A3956D46DE8}") = "Solution Items", "Solution Items", "{33FD8034-11EE-48C6-9B26-B029E482054E}"
	ProjectSection(SolutionItems) = preProject
		.hgignore = .hgignore
		README.md = README.md
	EndProjectSection
EndProject
Project("{FAE04EC0-301F-11D3-BF4B-00C04F79EFBC}") = "ewide.web", "wwwroot\ewide.web.csproj", "{75A440FC-847E-4FBA-9206-1915B54A75E8}"
EndProject
Project("{FAE04EC0-301F-11D3-BF4B-00C04F79EFBC}") = "ewide.dynamic", "data\ewide.dynamic\ewide.dynamic.csproj", "{F285CEB0-4108-440C-AD94-1C1A7C159D7C}"
EndProject
Project("{E24C65DC-7377-472B-9ABA-BC803B73C61A}") = "rightNow", "data\rightNow\", "{E8092E82-C56F-4BE9-8B9D-BE3C40D95AB1}"
	ProjectSection(WebsiteProperties) = preProject
		TargetFrameworkMoniker = ".NETFramework,Version%3Dv4.0"
		Debug.AspNetCompiler.VirtualPath = "/localhost_50435"
		Debug.AspNetCompiler.PhysicalPath = "data\rightNow\"
		Debug.AspNetCompiler.TargetPath = "PrecompiledWeb\localhost_50435\"
		Debug.AspNetCompiler.Updateable = "true"
		Debug.AspNetCompiler.ForceOverwrite = "true"
		Debug.AspNetCompiler.FixedNames = "false"
		Debug.AspNetCompiler.Debug = "True"
		Release.AspNetCompiler.VirtualPath = "/localhost_50435"
		Release.AspNetCompiler.PhysicalPath = "data\rightNow\"
		Release.AspNetCompiler.TargetPath = "PrecompiledWeb\localhost_50435\"
		Release.AspNetCompiler.Updateable = "true"
		Release.AspNetCompiler.ForceOverwrite = "true"
		Release.AspNetCompiler.FixedNames = "false"
		Release.AspNetCompiler.Debug = "False"
		VWDPort = "50435"
		SlnRelativePath = "data\rightNow\"
	EndProjectSection
EndProject
Project("{E24C65DC-7377-472B-9ABA-BC803B73C61A}") = "client", "data\rightNow\src\client\", "{ADE4E961-DCD7-4D05-94FC-2AFECB7BFB90}"
	ProjectSection(WebsiteProperties) = preProject
		TargetFrameworkMoniker = ".NETFramework,Version%3Dv4.0"
		Debug.AspNetCompiler.VirtualPath = "/localhost_50439"
		Debug.AspNetCompiler.PhysicalPath = "data\rightNow\src\client\"
		Debug.AspNetCompiler.TargetPath = "PrecompiledWeb\localhost_50439\"
		Debug.AspNetCompiler.Updateable = "true"
		Debug.AspNetCompiler.ForceOverwrite = "true"
		Debug.AspNetCompiler.FixedNames = "false"
		Debug.AspNetCompiler.Debug = "True"
		Release.AspNetCompiler.VirtualPath = "/localhost_50439"
		Release.AspNetCompiler.PhysicalPath = "data\rightNow\src\client\"
		Release.AspNetCompiler.TargetPath = "PrecompiledWeb\localhost_50439\"
		Release.AspNetCompiler.Updateable = "true"
		Release.AspNetCompiler.ForceOverwrite = "true"
		Release.AspNetCompiler.FixedNames = "false"
		Release.AspNetCompiler.Debug = "False"
		VWDPort = "50439"
		SlnRelativePath = "data\rightNow\src\client\"
	EndProjectSection
EndProject
Global
	GlobalSection(SolutionConfigurationPlatforms) = preSolution
		Debug|Any CPU = Debug|Any CPU
		Release|Any CPU = Release|Any CPU
	EndGlobalSection
	GlobalSection(ProjectConfigurationPlatforms) = postSolution
		{75A440FC-847E-4FBA-9206-1915B54A75E8}.Debug|Any CPU.ActiveCfg = Debug|Any CPU
		{75A440FC-847E-4FBA-9206-1915B54A75E8}.Debug|Any CPU.Build.0 = Debug|Any CPU
		{75A440FC-847E-4FBA-9206-1915B54A75E8}.Release|Any CPU.ActiveCfg = Release|Any CPU
		{75A440FC-847E-4FBA-9206-1915B54A75E8}.Release|Any CPU.Build.0 = Release|Any CPU
		{F285CEB0-4108-440C-AD94-1C1A7C159D7C}.Debug|Any CPU.ActiveCfg = Debug|Any CPU
		{F285CEB0-4108-440C-AD94-1C1A7C159D7C}.Debug|Any CPU.Build.0 = Debug|Any CPU
		{F285CEB0-4108-440C-AD94-1C1A7C159D7C}.Release|Any CPU.ActiveCfg = Release|Any CPU
		{F285CEB0-4108-440C-AD94-1C1A7C159D7C}.Release|Any CPU.Build.0 = Release|Any CPU
		{E8092E82-C56F-4BE9-8B9D-BE3C40D95AB1}.Debug|Any CPU.ActiveCfg = Debug|Any CPU
		{E8092E82-C56F-4BE9-8B9D-BE3C40D95AB1}.Release|Any CPU.ActiveCfg = Debug|Any CPU
		{E8092E82-C56F-4BE9-8B9D-BE3C40D95AB1}.Release|Any CPU.Build.0 = Debug|Any CPU
		{ADE4E961-DCD7-4D05-94FC-2AFECB7BFB90}.Debug|Any CPU.ActiveCfg = Debug|Any CPU
		{ADE4E961-DCD7-4D05-94FC-2AFECB7BFB90}.Release|Any CPU.ActiveCfg = Debug|Any CPU
		{ADE4E961-DCD7-4D05-94FC-2AFECB7BFB90}.Release|Any CPU.Build.0 = Debug|Any CPU
	EndGlobalSection
	GlobalSection(SolutionProperties) = preSolution
		HideSolutionNode = FALSE
	EndGlobalSection
EndGlobal
