
Microsoft Visual Studio Solution File, Format Version 12.00
# Visual Studio 2012
Project("{FAE04EC0-301F-11D3-BF4B-00C04F79EFBC}") = "Weemo.Api", "Weemo.Api\Weemo.Api.csproj", "{AD870687-0FBD-482B-9A06-9418A93AE7C0}"
EndProject
Project("{FAE04EC0-301F-11D3-BF4B-00C04F79EFBC}") = "Weemo.Api.HttpWebRequest", "Weemo.Api.HttpWebRequest\Weemo.Api.HttpWebRequest.csproj", "{9EC95DA2-C356-4F23-8727-FE4D7318303B}"
EndProject
Project("{2150E333-8FDC-42A3-9474-1A3956D46DE8}") = "Tests", "Tests", "{381CAB3D-73B6-4E03-AFB0-2497D1716325}"
EndProject
Project("{2150E333-8FDC-42A3-9474-1A3956D46DE8}") = "Domain", "Domain", "{A0B60CE8-3FB3-4C59-95AF-88CC71EA935E}"
EndProject
Project("{FAE04EC0-301F-11D3-BF4B-00C04F79EFBC}") = "Weemo.Api.HttpWebRequestTests", "Weemo.Api.HttpWebRequestTests\Weemo.Api.HttpWebRequestTests.csproj", "{6E49FF52-DE08-4938-8A0F-0CF09A1E9FF8}"
EndProject
Project("{FAE04EC0-301F-11D3-BF4B-00C04F79EFBC}") = "Weemo.Api.RestSharp", "Weemo.Api.RestSharp\Weemo.Api.RestSharp.csproj", "{A440504A-AA1F-4583-8894-64AEF52B4B0D}"
EndProject
Project("{FAE04EC0-301F-11D3-BF4B-00C04F79EFBC}") = "Weemo.Api.RestSharp.Tests", "Weemo.Api.RestSharp.Tests\Weemo.Api.RestSharp.Tests.csproj", "{82D2BF74-F884-49B1-9564-175CF9D8C953}"
EndProject
Global
	GlobalSection(SolutionConfigurationPlatforms) = preSolution
		Debug|Any CPU = Debug|Any CPU
		Release|Any CPU = Release|Any CPU
	EndGlobalSection
	GlobalSection(ProjectConfigurationPlatforms) = postSolution
		{AD870687-0FBD-482B-9A06-9418A93AE7C0}.Debug|Any CPU.ActiveCfg = Debug|Any CPU
		{AD870687-0FBD-482B-9A06-9418A93AE7C0}.Debug|Any CPU.Build.0 = Debug|Any CPU
		{AD870687-0FBD-482B-9A06-9418A93AE7C0}.Release|Any CPU.ActiveCfg = Release|Any CPU
		{AD870687-0FBD-482B-9A06-9418A93AE7C0}.Release|Any CPU.Build.0 = Release|Any CPU
		{9EC95DA2-C356-4F23-8727-FE4D7318303B}.Debug|Any CPU.ActiveCfg = Debug|Any CPU
		{9EC95DA2-C356-4F23-8727-FE4D7318303B}.Debug|Any CPU.Build.0 = Debug|Any CPU
		{9EC95DA2-C356-4F23-8727-FE4D7318303B}.Release|Any CPU.ActiveCfg = Release|Any CPU
		{9EC95DA2-C356-4F23-8727-FE4D7318303B}.Release|Any CPU.Build.0 = Release|Any CPU
		{6E49FF52-DE08-4938-8A0F-0CF09A1E9FF8}.Debug|Any CPU.ActiveCfg = Debug|Any CPU
		{6E49FF52-DE08-4938-8A0F-0CF09A1E9FF8}.Debug|Any CPU.Build.0 = Debug|Any CPU
		{6E49FF52-DE08-4938-8A0F-0CF09A1E9FF8}.Release|Any CPU.ActiveCfg = Release|Any CPU
		{6E49FF52-DE08-4938-8A0F-0CF09A1E9FF8}.Release|Any CPU.Build.0 = Release|Any CPU
		{A440504A-AA1F-4583-8894-64AEF52B4B0D}.Debug|Any CPU.ActiveCfg = Debug|Any CPU
		{A440504A-AA1F-4583-8894-64AEF52B4B0D}.Debug|Any CPU.Build.0 = Debug|Any CPU
		{A440504A-AA1F-4583-8894-64AEF52B4B0D}.Release|Any CPU.ActiveCfg = Release|Any CPU
		{A440504A-AA1F-4583-8894-64AEF52B4B0D}.Release|Any CPU.Build.0 = Release|Any CPU
		{82D2BF74-F884-49B1-9564-175CF9D8C953}.Debug|Any CPU.ActiveCfg = Debug|Any CPU
		{82D2BF74-F884-49B1-9564-175CF9D8C953}.Debug|Any CPU.Build.0 = Debug|Any CPU
		{82D2BF74-F884-49B1-9564-175CF9D8C953}.Release|Any CPU.ActiveCfg = Release|Any CPU
		{82D2BF74-F884-49B1-9564-175CF9D8C953}.Release|Any CPU.Build.0 = Release|Any CPU
	EndGlobalSection
	GlobalSection(SolutionProperties) = preSolution
		HideSolutionNode = FALSE
	EndGlobalSection
	GlobalSection(NestedProjects) = preSolution
		{6E49FF52-DE08-4938-8A0F-0CF09A1E9FF8} = {381CAB3D-73B6-4E03-AFB0-2497D1716325}
		{82D2BF74-F884-49B1-9564-175CF9D8C953} = {381CAB3D-73B6-4E03-AFB0-2497D1716325}
		{AD870687-0FBD-482B-9A06-9418A93AE7C0} = {A0B60CE8-3FB3-4C59-95AF-88CC71EA935E}
		{9EC95DA2-C356-4F23-8727-FE4D7318303B} = {A0B60CE8-3FB3-4C59-95AF-88CC71EA935E}
		{A440504A-AA1F-4583-8894-64AEF52B4B0D} = {A0B60CE8-3FB3-4C59-95AF-88CC71EA935E}
	EndGlobalSection
EndGlobal
